
Microsoft Visual Studio Solution File, Format Version 12.00
# Visual Studio 2017
Project("{FAE04EC0-301F-11D3-BF4B-00C04F79EFBC}") = "MultyPlayerVR.Plugins", "MultyPlayerVR.Plugins.csproj", "{EEF75EBB-4B3A-9772-0027-DDFB4DFD6D04}"
EndProject
Project("{FAE04EC0-301F-11D3-BF4B-00C04F79EFBC}") = "MultyPlayerVR", "MultyPlayerVR.csproj", "{BFB54202-79A4-1D5E-1B13-8218018860FB}"
EndProject
Project("{FAE04EC0-301F-11D3-BF4B-00C04F79EFBC}") = "MultyPlayerVR.Editor", "MultyPlayerVR.Editor.csproj", "{412C2D95-9FD5-6507-92C3-4E6C3081A1FB}"
EndProject
Global
	GlobalSection(SolutionConfigurationPlatforms) = preSolution
		Debug|Any CPU = Debug|Any CPU
		Release|Any CPU = Release|Any CPU
	EndGlobalSection
	GlobalSection(ProjectConfigurationPlatforms) = postSolution
		{EEF75EBB-4B3A-9772-0027-DDFB4DFD6D04}.Debug|Any CPU.ActiveCfg = Debug|Any CPU
		{EEF75EBB-4B3A-9772-0027-DDFB4DFD6D04}.Debug|Any CPU.Build.0 = Debug|Any CPU
		{EEF75EBB-4B3A-9772-0027-DDFB4DFD6D04}.Release|Any CPU.ActiveCfg = Release|Any CPU
		{EEF75EBB-4B3A-9772-0027-DDFB4DFD6D04}.Release|Any CPU.Build.0 = Release|Any CPU
		{BFB54202-79A4-1D5E-1B13-8218018860FB}.Debug|Any CPU.ActiveCfg = Debug|Any CPU
		{BFB54202-79A4-1D5E-1B13-8218018860FB}.Debug|Any CPU.Build.0 = Debug|Any CPU
		{BFB54202-79A4-1D5E-1B13-8218018860FB}.Release|Any CPU.ActiveCfg = Release|Any CPU
		{BFB54202-79A4-1D5E-1B13-8218018860FB}.Release|Any CPU.Build.0 = Release|Any CPU
		{412C2D95-9FD5-6507-92C3-4E6C3081A1FB}.Debug|Any CPU.ActiveCfg = Debug|Any CPU
		{412C2D95-9FD5-6507-92C3-4E6C3081A1FB}.Debug|Any CPU.Build.0 = Debug|Any CPU
		{412C2D95-9FD5-6507-92C3-4E6C3081A1FB}.Release|Any CPU.ActiveCfg = Release|Any CPU
		{412C2D95-9FD5-6507-92C3-4E6C3081A1FB}.Release|Any CPU.Build.0 = Release|Any CPU
	EndGlobalSection
	GlobalSection(SolutionProperties) = preSolution
		HideSolutionNode = FALSE
	EndGlobalSection
EndGlobal
